
Microsoft Visual Studio Solution File, Format Version 12.00
# Visual Studio 15
VisualStudioVersion = 15.0.27703.2042
MinimumVisualStudioVersion = 10.0.40219.1
Project("{9A19103F-16F7-4668-BE54-9A1E7A4F7556}") = "ImageCMS.WebApp", "src\ImageCMS.WebApp\ImageCMS.WebApp.csproj", "{837B8398-1D57-4E25-ADE3-14B3374E0B6C}"
EndProject
Project("{FAE04EC0-301F-11D3-BF4B-00C04F79EFBC}") = "ImageCMS.DomainModel", "ImageCMS.DomainModel\ImageCMS.DomainModel.csproj", "{30DA1D8E-68F3-4CDB-8E93-DF0591D08D23}"
EndProject
Global
	GlobalSection(SolutionConfigurationPlatforms) = preSolution
		Debug|Any CPU = Debug|Any CPU
		Release|Any CPU = Release|Any CPU
	EndGlobalSection
	GlobalSection(ProjectConfigurationPlatforms) = postSolution
		{837B8398-1D57-4E25-ADE3-14B3374E0B6C}.Debug|Any CPU.ActiveCfg = Debug|Any CPU
		{837B8398-1D57-4E25-ADE3-14B3374E0B6C}.Debug|Any CPU.Build.0 = Debug|Any CPU
		{837B8398-1D57-4E25-ADE3-14B3374E0B6C}.Release|Any CPU.ActiveCfg = Release|Any CPU
		{837B8398-1D57-4E25-ADE3-14B3374E0B6C}.Release|Any CPU.Build.0 = Release|Any CPU
		{30DA1D8E-68F3-4CDB-8E93-DF0591D08D23}.Debug|Any CPU.ActiveCfg = Debug|Any CPU
		{30DA1D8E-68F3-4CDB-8E93-DF0591D08D23}.Debug|Any CPU.Build.0 = Debug|Any CPU
		{30DA1D8E-68F3-4CDB-8E93-DF0591D08D23}.Release|Any CPU.ActiveCfg = Release|Any CPU
		{30DA1D8E-68F3-4CDB-8E93-DF0591D08D23}.Release|Any CPU.Build.0 = Release|Any CPU
	EndGlobalSection
	GlobalSection(SolutionProperties) = preSolution
		HideSolutionNode = FALSE
	EndGlobalSection
	GlobalSection(ExtensibilityGlobals) = postSolution
		SolutionGuid = {BBF2CF8C-5A6D-460E-BE69-724491A88D4C}
	EndGlobalSection
EndGlobal
